// !$*UTF8*$!
{
	archiveVersion = 1;
	classes = {
	};
	objectVersion = 56;
	objects = {

/* Begin PBXBuildFile section */
		4721C9642BE3449400310CED /* Inventory_Model.swift in Sources */ = {isa = PBXBuildFile; fileRef = 4721C9632BE3449400310CED /* Inventory_Model.swift */; };
		4721C9672BE3464D00310CED /* InventoryViewModel.swift in Sources */ = {isa = PBXBuildFile; fileRef = 4721C9662BE3464D00310CED /* InventoryViewModel.swift */; };
		4721C9692BE3468800310CED /* InventoryView.swift in Sources */ = {isa = PBXBuildFile; fileRef = 4721C9682BE3468800310CED /* InventoryView.swift */; };
		4721C96B2BE3469D00310CED /* InventoryManagementView.swift in Sources */ = {isa = PBXBuildFile; fileRef = 4721C96A2BE3469D00310CED /* InventoryManagementView.swift */; };
		4721C96D2BE34ED200310CED /* InventoryHome.swift in Sources */ = {isa = PBXBuildFile; fileRef = 4721C96C2BE34ED200310CED /* InventoryHome.swift */; };
		4762BFB72BE88DD200845B96 /* BillModel.swift in Sources */ = {isa = PBXBuildFile; fileRef = 4762BFB62BE88DD200845B96 /* BillModel.swift */; };
		4762BFB92BE88DF500845B96 /* BillViewmodel.swift in Sources */ = {isa = PBXBuildFile; fileRef = 4762BFB82BE88DF500845B96 /* BillViewmodel.swift */; };
		4762BFBB2BE88E0D00845B96 /* Bill_Entry.swift in Sources */ = {isa = PBXBuildFile; fileRef = 4762BFBA2BE88E0D00845B96 /* Bill_Entry.swift */; };
		4762BFBD2BE8991900845B96 /* BillListView.swift in Sources */ = {isa = PBXBuildFile; fileRef = 4762BFBC2BE8991900845B96 /* BillListView.swift */; };
		4762BFE32BEA32A500845B96 /* Ann_Model.swift in Sources */ = {isa = PBXBuildFile; fileRef = 4762BFE22BEA32A500845B96 /* Ann_Model.swift */; };
		4762BFE52BEA33C300845B96 /* Ann_ViewModel.swift in Sources */ = {isa = PBXBuildFile; fileRef = 4762BFE42BEA33C300845B96 /* Ann_ViewModel.swift */; };
		4762BFE72BEA33EA00845B96 /* Ann_Input.swift in Sources */ = {isa = PBXBuildFile; fileRef = 4762BFE62BEA33EA00845B96 /* Ann_Input.swift */; };
		4762BFEC2BEB687A00845B96 /* Analytics_View.swift in Sources */ = {isa = PBXBuildFile; fileRef = 4762BFEB2BEB687A00845B96 /* Analytics_View.swift */; };
		47B685B72BDA33DD0008DAE9 /* RoomAlloocationView.swift in Sources */ = {isa = PBXBuildFile; fileRef = 47B685B62BDA33DD0008DAE9 /* RoomAlloocationView.swift */; };
		47B685B92BDA34280008DAE9 /* FirebaseManager.swift in Sources */ = {isa = PBXBuildFile; fileRef = 47B685B82BDA34280008DAE9 /* FirebaseManager.swift */; };
		482821962BECBC5E00A88D20 /* MAIL.swift in Sources */ = {isa = PBXBuildFile; fileRef = 482821952BECBC5E00A88D20 /* MAIL.swift */; };
		4890D41C2BDF5A6F00EF8750 /* homepageComplete.swift in Sources */ = {isa = PBXBuildFile; fileRef = 4890D41B2BDF5A6F00EF8750 /* homepageComplete.swift */; };
		DF6B2EB02BD58CF900FAD930 /* User.swift in Sources */ = {isa = PBXBuildFile; fileRef = DF6B2EAF2BD58CF900FAD930 /* User.swift */; };
		DF6B2EB42BD58D2500FAD930 /* UserDetails.swift in Sources */ = {isa = PBXBuildFile; fileRef = DF6B2EB32BD58D2500FAD930 /* UserDetails.swift */; };
		DF6B2EBB2BD58E1D00FAD930 /* appFonts.swift in Sources */ = {isa = PBXBuildFile; fileRef = DF6B2EBA2BD58E1D00FAD930 /* appFonts.swift */; };
		DF6B2ED32BD59C1700FAD930 /* AuthViewModel.swift in Sources */ = {isa = PBXBuildFile; fileRef = DF6B2ED22BD59C1700FAD930 /* AuthViewModel.swift */; };
		DF6B2ED72BD59C4600FAD930 /* loginView.swift in Sources */ = {isa = PBXBuildFile; fileRef = DF6B2ED62BD59C4600FAD930 /* loginView.swift */; };
		DF6B2ED92BD59CA100FAD930 /* ProfileInputView.swift in Sources */ = {isa = PBXBuildFile; fileRef = DF6B2ED82BD59CA100FAD930 /* ProfileInputView.swift */; };
		DF6B2EDB2BD59D4600FAD930 /* Homepage.swift in Sources */ = {isa = PBXBuildFile; fileRef = DF6B2EDA2BD59D4600FAD930 /* Homepage.swift */; };
		DF9B2F352BD26E22009B8C02 /* Adminstrator_HMSApp.swift in Sources */ = {isa = PBXBuildFile; fileRef = DF9B2F342BD26E22009B8C02 /* Adminstrator_HMSApp.swift */; };
		DF9B2F372BD26E22009B8C02 /* ContentView.swift in Sources */ = {isa = PBXBuildFile; fileRef = DF9B2F362BD26E22009B8C02 /* ContentView.swift */; };
		DF9B2F392BD26E24009B8C02 /* Assets.xcassets in Resources */ = {isa = PBXBuildFile; fileRef = DF9B2F382BD26E24009B8C02 /* Assets.xcassets */; };
		DF9B2F3D2BD26E24009B8C02 /* Preview Assets.xcassets in Resources */ = {isa = PBXBuildFile; fileRef = DF9B2F3C2BD26E24009B8C02 /* Preview Assets.xcassets */; };
		DF9B2F472BD26E25009B8C02 /* Adminstrator_HMSTests.swift in Sources */ = {isa = PBXBuildFile; fileRef = DF9B2F462BD26E25009B8C02 /* Adminstrator_HMSTests.swift */; };
		DF9B2F512BD26E25009B8C02 /* Adminstrator_HMSUITests.swift in Sources */ = {isa = PBXBuildFile; fileRef = DF9B2F502BD26E25009B8C02 /* Adminstrator_HMSUITests.swift */; };
		DF9B2F532BD26E25009B8C02 /* Adminstrator_HMSUITestsLaunchTests.swift in Sources */ = {isa = PBXBuildFile; fileRef = DF9B2F522BD26E25009B8C02 /* Adminstrator_HMSUITestsLaunchTests.swift */; };
		DF9B2F602BD26E58009B8C02 /* GoogleService-Info.plist in Resources */ = {isa = PBXBuildFile; fileRef = DF9B2F5F2BD26E58009B8C02 /* GoogleService-Info.plist */; };
		DF9B2F642BD26E92009B8C02 /* FirebaseAuth in Frameworks */ = {isa = PBXBuildFile; productRef = DF9B2F632BD26E92009B8C02 /* FirebaseAuth */; };
		DF9B2F662BD26E92009B8C02 /* FirebaseDatabase in Frameworks */ = {isa = PBXBuildFile; productRef = DF9B2F652BD26E92009B8C02 /* FirebaseDatabase */; };
		DF9B2F682BD26E92009B8C02 /* FirebaseDatabaseSwift in Frameworks */ = {isa = PBXBuildFile; productRef = DF9B2F672BD26E92009B8C02 /* FirebaseDatabaseSwift */; };
		DF9B2F6A2BD26E92009B8C02 /* FirebaseFirestore in Frameworks */ = {isa = PBXBuildFile; productRef = DF9B2F692BD26E92009B8C02 /* FirebaseFirestore */; };
		DF9B2F6C2BD26E92009B8C02 /* FirebaseFirestoreSwift in Frameworks */ = {isa = PBXBuildFile; productRef = DF9B2F6B2BD26E92009B8C02 /* FirebaseFirestoreSwift */; };
		DF9B2F6E2BD26E92009B8C02 /* FirebaseStorage in Frameworks */ = {isa = PBXBuildFile; productRef = DF9B2F6D2BD26E92009B8C02 /* FirebaseStorage */; };
/* End PBXBuildFile section */

/* Begin PBXContainerItemProxy section */
		DF9B2F432BD26E25009B8C02 /* PBXContainerItemProxy */ = {
			isa = PBXContainerItemProxy;
			containerPortal = DF9B2F292BD26E22009B8C02 /* Project object */;
			proxyType = 1;
			remoteGlobalIDString = DF9B2F302BD26E22009B8C02;
			remoteInfo = Adminstrator_HMS;
		};
		DF9B2F4D2BD26E25009B8C02 /* PBXContainerItemProxy */ = {
			isa = PBXContainerItemProxy;
			containerPortal = DF9B2F292BD26E22009B8C02 /* Project object */;
			proxyType = 1;
			remoteGlobalIDString = DF9B2F302BD26E22009B8C02;
			remoteInfo = Adminstrator_HMS;
		};
/* End PBXContainerItemProxy section */

/* Begin PBXFileReference section */
		4721C9632BE3449400310CED /* Inventory_Model.swift */ = {isa = PBXFileReference; lastKnownFileType = sourcecode.swift; path = Inventory_Model.swift; sourceTree = "<group>"; };
		4721C9662BE3464D00310CED /* InventoryViewModel.swift */ = {isa = PBXFileReference; lastKnownFileType = sourcecode.swift; path = InventoryViewModel.swift; sourceTree = "<group>"; };
		4721C9682BE3468800310CED /* InventoryView.swift */ = {isa = PBXFileReference; lastKnownFileType = sourcecode.swift; path = InventoryView.swift; sourceTree = "<group>"; };
		4721C96A2BE3469D00310CED /* InventoryManagementView.swift */ = {isa = PBXFileReference; lastKnownFileType = sourcecode.swift; path = InventoryManagementView.swift; sourceTree = "<group>"; };
		4721C96C2BE34ED200310CED /* InventoryHome.swift */ = {isa = PBXFileReference; lastKnownFileType = sourcecode.swift; path = InventoryHome.swift; sourceTree = "<group>"; };
		474ADBDC2BD8EA3F00A31ADB /* MobileCoreServices.framework */ = {isa = PBXFileReference; lastKnownFileType = wrapper.framework; name = MobileCoreServices.framework; path = Platforms/iPhoneOS.platform/Developer/SDKs/iPhoneOS17.4.sdk/System/Library/Frameworks/MobileCoreServices.framework; sourceTree = DEVELOPER_DIR; };
		4762BFB62BE88DD200845B96 /* BillModel.swift */ = {isa = PBXFileReference; lastKnownFileType = sourcecode.swift; path = BillModel.swift; sourceTree = "<group>"; };
		4762BFB82BE88DF500845B96 /* BillViewmodel.swift */ = {isa = PBXFileReference; lastKnownFileType = sourcecode.swift; path = BillViewmodel.swift; sourceTree = "<group>"; };
		4762BFBA2BE88E0D00845B96 /* Bill_Entry.swift */ = {isa = PBXFileReference; lastKnownFileType = sourcecode.swift; path = Bill_Entry.swift; sourceTree = "<group>"; };
		4762BFBC2BE8991900845B96 /* BillListView.swift */ = {isa = PBXFileReference; lastKnownFileType = sourcecode.swift; path = BillListView.swift; sourceTree = "<group>"; };
		4762BFE22BEA32A500845B96 /* Ann_Model.swift */ = {isa = PBXFileReference; lastKnownFileType = sourcecode.swift; path = Ann_Model.swift; sourceTree = "<group>"; };
		4762BFE42BEA33C300845B96 /* Ann_ViewModel.swift */ = {isa = PBXFileReference; lastKnownFileType = sourcecode.swift; path = Ann_ViewModel.swift; sourceTree = "<group>"; };
		4762BFE62BEA33EA00845B96 /* Ann_Input.swift */ = {isa = PBXFileReference; lastKnownFileType = sourcecode.swift; path = Ann_Input.swift; sourceTree = "<group>"; };
		4762BFEB2BEB687A00845B96 /* Analytics_View.swift */ = {isa = PBXFileReference; lastKnownFileType = sourcecode.swift; path = Analytics_View.swift; sourceTree = "<group>"; };
		47B685B62BDA33DD0008DAE9 /* RoomAlloocationView.swift */ = {isa = PBXFileReference; lastKnownFileType = sourcecode.swift; path = RoomAlloocationView.swift; sourceTree = "<group>"; };
		47B685B82BDA34280008DAE9 /* FirebaseManager.swift */ = {isa = PBXFileReference; lastKnownFileType = sourcecode.swift; path = FirebaseManager.swift; sourceTree = "<group>"; };
		482821952BECBC5E00A88D20 /* MAIL.swift */ = {isa = PBXFileReference; lastKnownFileType = sourcecode.swift; path = MAIL.swift; sourceTree = "<group>"; };
		4890D41B2BDF5A6F00EF8750 /* homepageComplete.swift */ = {isa = PBXFileReference; lastKnownFileType = sourcecode.swift; path = homepageComplete.swift; sourceTree = "<group>"; };
		DF6B2EAF2BD58CF900FAD930 /* User.swift */ = {isa = PBXFileReference; lastKnownFileType = sourcecode.swift; path = User.swift; sourceTree = "<group>"; };
		DF6B2EB32BD58D2500FAD930 /* UserDetails.swift */ = {isa = PBXFileReference; lastKnownFileType = sourcecode.swift; path = UserDetails.swift; sourceTree = "<group>"; };
		DF6B2EBA2BD58E1D00FAD930 /* appFonts.swift */ = {isa = PBXFileReference; lastKnownFileType = sourcecode.swift; path = appFonts.swift; sourceTree = "<group>"; };
		DF6B2ED22BD59C1700FAD930 /* AuthViewModel.swift */ = {isa = PBXFileReference; lastKnownFileType = sourcecode.swift; path = AuthViewModel.swift; sourceTree = "<group>"; };
		DF6B2ED62BD59C4600FAD930 /* loginView.swift */ = {isa = PBXFileReference; lastKnownFileType = sourcecode.swift; path = loginView.swift; sourceTree = "<group>"; };
		DF6B2ED82BD59CA100FAD930 /* ProfileInputView.swift */ = {isa = PBXFileReference; lastKnownFileType = sourcecode.swift; path = ProfileInputView.swift; sourceTree = "<group>"; };
		DF6B2EDA2BD59D4600FAD930 /* Homepage.swift */ = {isa = PBXFileReference; lastKnownFileType = sourcecode.swift; path = Homepage.swift; sourceTree = "<group>"; };
		DF9B2F312BD26E22009B8C02 /* Adminstrator_HMS.app */ = {isa = PBXFileReference; explicitFileType = wrapper.application; includeInIndex = 0; path = Adminstrator_HMS.app; sourceTree = BUILT_PRODUCTS_DIR; };
		DF9B2F342BD26E22009B8C02 /* Adminstrator_HMSApp.swift */ = {isa = PBXFileReference; lastKnownFileType = sourcecode.swift; path = Adminstrator_HMSApp.swift; sourceTree = "<group>"; };
		DF9B2F362BD26E22009B8C02 /* ContentView.swift */ = {isa = PBXFileReference; lastKnownFileType = sourcecode.swift; path = ContentView.swift; sourceTree = "<group>"; };
		DF9B2F382BD26E24009B8C02 /* Assets.xcassets */ = {isa = PBXFileReference; lastKnownFileType = folder.assetcatalog; path = Assets.xcassets; sourceTree = "<group>"; };
		DF9B2F3A2BD26E24009B8C02 /* Adminstrator_HMS.entitlements */ = {isa = PBXFileReference; lastKnownFileType = text.plist.entitlements; path = Adminstrator_HMS.entitlements; sourceTree = "<group>"; };
		DF9B2F3C2BD26E24009B8C02 /* Preview Assets.xcassets */ = {isa = PBXFileReference; lastKnownFileType = folder.assetcatalog; path = "Preview Assets.xcassets"; sourceTree = "<group>"; };
		DF9B2F422BD26E25009B8C02 /* Adminstrator_HMSTests.xctest */ = {isa = PBXFileReference; explicitFileType = wrapper.cfbundle; includeInIndex = 0; path = Adminstrator_HMSTests.xctest; sourceTree = BUILT_PRODUCTS_DIR; };
		DF9B2F462BD26E25009B8C02 /* Adminstrator_HMSTests.swift */ = {isa = PBXFileReference; lastKnownFileType = sourcecode.swift; path = Adminstrator_HMSTests.swift; sourceTree = "<group>"; };
		DF9B2F4C2BD26E25009B8C02 /* Adminstrator_HMSUITests.xctest */ = {isa = PBXFileReference; explicitFileType = wrapper.cfbundle; includeInIndex = 0; path = Adminstrator_HMSUITests.xctest; sourceTree = BUILT_PRODUCTS_DIR; };
		DF9B2F502BD26E25009B8C02 /* Adminstrator_HMSUITests.swift */ = {isa = PBXFileReference; lastKnownFileType = sourcecode.swift; path = Adminstrator_HMSUITests.swift; sourceTree = "<group>"; };
		DF9B2F522BD26E25009B8C02 /* Adminstrator_HMSUITestsLaunchTests.swift */ = {isa = PBXFileReference; lastKnownFileType = sourcecode.swift; path = Adminstrator_HMSUITestsLaunchTests.swift; sourceTree = "<group>"; };
		DF9B2F5F2BD26E58009B8C02 /* GoogleService-Info.plist */ = {isa = PBXFileReference; fileEncoding = 4; lastKnownFileType = text.plist.xml; path = "GoogleService-Info.plist"; sourceTree = "<group>"; };
/* End PBXFileReference section */

/* Begin PBXFrameworksBuildPhase section */
		DF9B2F2E2BD26E22009B8C02 /* Frameworks */ = {
			isa = PBXFrameworksBuildPhase;
			buildActionMask = 2147483647;
			files = (
				DF9B2F6C2BD26E92009B8C02 /* FirebaseFirestoreSwift in Frameworks */,
				DF9B2F682BD26E92009B8C02 /* FirebaseDatabaseSwift in Frameworks */,
				DF9B2F6A2BD26E92009B8C02 /* FirebaseFirestore in Frameworks */,
				DF9B2F662BD26E92009B8C02 /* FirebaseDatabase in Frameworks */,
				DF9B2F642BD26E92009B8C02 /* FirebaseAuth in Frameworks */,
				DF9B2F6E2BD26E92009B8C02 /* FirebaseStorage in Frameworks */,
			);
			runOnlyForDeploymentPostprocessing = 0;
		};
		DF9B2F3F2BD26E25009B8C02 /* Frameworks */ = {
			isa = PBXFrameworksBuildPhase;
			buildActionMask = 2147483647;
			files = (
			);
			runOnlyForDeploymentPostprocessing = 0;
		};
		DF9B2F492BD26E25009B8C02 /* Frameworks */ = {
			isa = PBXFrameworksBuildPhase;
			buildActionMask = 2147483647;
			files = (
			);
			runOnlyForDeploymentPostprocessing = 0;
		};
/* End PBXFrameworksBuildPhase section */

/* Begin PBXGroup section */
		4721C9622BE3447700310CED /* Inventory */ = {
			isa = PBXGroup;
			children = (
				4721C9632BE3449400310CED /* Inventory_Model.swift */,
				4721C9662BE3464D00310CED /* InventoryViewModel.swift */,
				4721C9682BE3468800310CED /* InventoryView.swift */,
				4721C96A2BE3469D00310CED /* InventoryManagementView.swift */,
				4721C96C2BE34ED200310CED /* InventoryHome.swift */,
				4762BFEB2BEB687A00845B96 /* Analytics_View.swift */,
			);
			path = Inventory;
			sourceTree = "<group>";
		};
		4762BFB52BE88DC000845B96 /* Bills */ = {
			isa = PBXGroup;
			children = (
				4762BFB62BE88DD200845B96 /* BillModel.swift */,
				4762BFB82BE88DF500845B96 /* BillViewmodel.swift */,
				4762BFBA2BE88E0D00845B96 /* Bill_Entry.swift */,
				4762BFBC2BE8991900845B96 /* BillListView.swift */,
			);
			path = Bills;
			sourceTree = "<group>";
		};
		4762BFE12BEA328600845B96 /* Announcement */ = {
			isa = PBXGroup;
			children = (
				4762BFE22BEA32A500845B96 /* Ann_Model.swift */,
				4762BFE42BEA33C300845B96 /* Ann_ViewModel.swift */,
				4762BFE62BEA33EA00845B96 /* Ann_Input.swift */,
			);
			path = Announcement;
			sourceTree = "<group>";
		};
		482821942BECBC5600A88D20 /* Mail */ = {
			isa = PBXGroup;
			children = (
				482821952BECBC5E00A88D20 /* MAIL.swift */,
			);
			path = Mail;
			sourceTree = "<group>";
		};
		4881766D2BECF41200CF3F00 /* Doctor */ = {
			isa = PBXGroup;
			children = (
			);
			path = Doctor;
			sourceTree = "<group>";
		};
		488176802BECF7F600CF3F00 /* New Group1 */ = {
			isa = PBXGroup;
			children = (
			);
			path = "New Group1";
			sourceTree = "<group>";
		};
		DF6B2EAD2BD58CD600FAD930 /* Authentication */ = {
			isa = PBXGroup;
			children = (
				DF6B2EAF2BD58CF900FAD930 /* User.swift */,
				DF6B2EB32BD58D2500FAD930 /* UserDetails.swift */,
				DF6B2ED22BD59C1700FAD930 /* AuthViewModel.swift */,
				DF6B2ED82BD59CA100FAD930 /* ProfileInputView.swift */,
				47B685B62BDA33DD0008DAE9 /* RoomAlloocationView.swift */,
				DF6B2ED62BD59C4600FAD930 /* loginView.swift */,
			);
			path = Authentication;
			sourceTree = "<group>";
		};
		DF9B2F282BD26E22009B8C02 = {
			isa = PBXGroup;
			children = (
				DF9B2F332BD26E22009B8C02 /* Adminstrator_HMS */,
				DF9B2F452BD26E25009B8C02 /* Adminstrator_HMSTests */,
				DF9B2F4F2BD26E25009B8C02 /* Adminstrator_HMSUITests */,
				DF9B2F322BD26E22009B8C02 /* Products */,
				DF9B2F622BD26E92009B8C02 /* Frameworks */,
			);
			sourceTree = "<group>";
		};
		DF9B2F322BD26E22009B8C02 /* Products */ = {
			isa = PBXGroup;
			children = (
				DF9B2F312BD26E22009B8C02 /* Adminstrator_HMS.app */,
				DF9B2F422BD26E25009B8C02 /* Adminstrator_HMSTests.xctest */,
				DF9B2F4C2BD26E25009B8C02 /* Adminstrator_HMSUITests.xctest */,
			);
			name = Products;
			sourceTree = "<group>";
		};
		DF9B2F332BD26E22009B8C02 /* Adminstrator_HMS */ = {
			isa = PBXGroup;
			children = (
				4762BFE12BEA328600845B96 /* Announcement */,
				4762BFB52BE88DC000845B96 /* Bills */,
				4721C9622BE3447700310CED /* Inventory */,
				DF9B2F5F2BD26E58009B8C02 /* GoogleService-Info.plist */,
				DF9B2F342BD26E22009B8C02 /* Adminstrator_HMSApp.swift */,
				DF9B2F362BD26E22009B8C02 /* ContentView.swift */,
				488176802BECF7F600CF3F00 /* New Group1 */,
				4881766D2BECF41200CF3F00 /* Doctor */,
				DF6B2EBA2BD58E1D00FAD930 /* appFonts.swift */,
				4890D41B2BDF5A6F00EF8750 /* homepageComplete.swift */,
				DF6B2EDA2BD59D4600FAD930 /* Homepage.swift */,
				482821942BECBC5600A88D20 /* Mail */,
				47B685B82BDA34280008DAE9 /* FirebaseManager.swift */,
				DF6B2EAD2BD58CD600FAD930 /* Authentication */,
				DF9B2F382BD26E24009B8C02 /* Assets.xcassets */,
				DF9B2F3A2BD26E24009B8C02 /* Adminstrator_HMS.entitlements */,
				DF9B2F3B2BD26E24009B8C02 /* Preview Content */,
			);
			path = Adminstrator_HMS;
			sourceTree = "<group>";
		};
		DF9B2F3B2BD26E24009B8C02 /* Preview Content */ = {
			isa = PBXGroup;
			children = (
				DF9B2F3C2BD26E24009B8C02 /* Preview Assets.xcassets */,
			);
			path = "Preview Content";
			sourceTree = "<group>";
		};
		DF9B2F452BD26E25009B8C02 /* Adminstrator_HMSTests */ = {
			isa = PBXGroup;
			children = (
				DF9B2F462BD26E25009B8C02 /* Adminstrator_HMSTests.swift */,
			);
			path = Adminstrator_HMSTests;
			sourceTree = "<group>";
		};
		DF9B2F4F2BD26E25009B8C02 /* Adminstrator_HMSUITests */ = {
			isa = PBXGroup;
			children = (
				DF9B2F502BD26E25009B8C02 /* Adminstrator_HMSUITests.swift */,
				DF9B2F522BD26E25009B8C02 /* Adminstrator_HMSUITestsLaunchTests.swift */,
			);
			path = Adminstrator_HMSUITests;
			sourceTree = "<group>";
		};
		DF9B2F622BD26E92009B8C02 /* Frameworks */ = {
			isa = PBXGroup;
			children = (
				474ADBDC2BD8EA3F00A31ADB /* MobileCoreServices.framework */,
			);
			name = Frameworks;
			sourceTree = "<group>";
		};
/* End PBXGroup section */

/* Begin PBXNativeTarget section */
		DF9B2F302BD26E22009B8C02 /* Adminstrator_HMS */ = {
			isa = PBXNativeTarget;
			buildConfigurationList = DF9B2F562BD26E25009B8C02 /* Build configuration list for PBXNativeTarget "Adminstrator_HMS" */;
			buildPhases = (
				DF9B2F2D2BD26E22009B8C02 /* Sources */,
				DF9B2F2E2BD26E22009B8C02 /* Frameworks */,
				DF9B2F2F2BD26E22009B8C02 /* Resources */,
			);
			buildRules = (
			);
			dependencies = (
			);
			name = Adminstrator_HMS;
			packageProductDependencies = (
				DF9B2F632BD26E92009B8C02 /* FirebaseAuth */,
				DF9B2F652BD26E92009B8C02 /* FirebaseDatabase */,
				DF9B2F672BD26E92009B8C02 /* FirebaseDatabaseSwift */,
				DF9B2F692BD26E92009B8C02 /* FirebaseFirestore */,
				DF9B2F6B2BD26E92009B8C02 /* FirebaseFirestoreSwift */,
				DF9B2F6D2BD26E92009B8C02 /* FirebaseStorage */,
			);
			productName = Adminstrator_HMS;
			productReference = DF9B2F312BD26E22009B8C02 /* Adminstrator_HMS.app */;
			productType = "com.apple.product-type.application";
		};
		DF9B2F412BD26E25009B8C02 /* Adminstrator_HMSTests */ = {
			isa = PBXNativeTarget;
			buildConfigurationList = DF9B2F592BD26E25009B8C02 /* Build configuration list for PBXNativeTarget "Adminstrator_HMSTests" */;
			buildPhases = (
				DF9B2F3E2BD26E25009B8C02 /* Sources */,
				DF9B2F3F2BD26E25009B8C02 /* Frameworks */,
				DF9B2F402BD26E25009B8C02 /* Resources */,
			);
			buildRules = (
			);
			dependencies = (
				DF9B2F442BD26E25009B8C02 /* PBXTargetDependency */,
			);
			name = Adminstrator_HMSTests;
			productName = Adminstrator_HMSTests;
			productReference = DF9B2F422BD26E25009B8C02 /* Adminstrator_HMSTests.xctest */;
			productType = "com.apple.product-type.bundle.unit-test";
		};
		DF9B2F4B2BD26E25009B8C02 /* Adminstrator_HMSUITests */ = {
			isa = PBXNativeTarget;
			buildConfigurationList = DF9B2F5C2BD26E25009B8C02 /* Build configuration list for PBXNativeTarget "Adminstrator_HMSUITests" */;
			buildPhases = (
				DF9B2F482BD26E25009B8C02 /* Sources */,
				DF9B2F492BD26E25009B8C02 /* Frameworks */,
				DF9B2F4A2BD26E25009B8C02 /* Resources */,
			);
			buildRules = (
			);
			dependencies = (
				DF9B2F4E2BD26E25009B8C02 /* PBXTargetDependency */,
			);
			name = Adminstrator_HMSUITests;
			productName = Adminstrator_HMSUITests;
			productReference = DF9B2F4C2BD26E25009B8C02 /* Adminstrator_HMSUITests.xctest */;
			productType = "com.apple.product-type.bundle.ui-testing";
		};
/* End PBXNativeTarget section */

/* Begin PBXProject section */
		DF9B2F292BD26E22009B8C02 /* Project object */ = {
			isa = PBXProject;
			attributes = {
				BuildIndependentTargetsInParallel = 1;
				LastSwiftUpdateCheck = 1530;
				LastUpgradeCheck = 1530;
				TargetAttributes = {
					DF9B2F302BD26E22009B8C02 = {
						CreatedOnToolsVersion = 15.3;
					};
					DF9B2F412BD26E25009B8C02 = {
						CreatedOnToolsVersion = 15.3;
						TestTargetID = DF9B2F302BD26E22009B8C02;
					};
					DF9B2F4B2BD26E25009B8C02 = {
						CreatedOnToolsVersion = 15.3;
						TestTargetID = DF9B2F302BD26E22009B8C02;
					};
				};
			};
			buildConfigurationList = DF9B2F2C2BD26E22009B8C02 /* Build configuration list for PBXProject "Adminstrator_HMS" */;
			compatibilityVersion = "Xcode 14.0";
			developmentRegion = en;
			hasScannedForEncodings = 0;
			knownRegions = (
				en,
				Base,
			);
			mainGroup = DF9B2F282BD26E22009B8C02;
			packageReferences = (
				DF9B2F612BD26E63009B8C02 /* XCRemoteSwiftPackageReference "firebase-ios-sdk" */,
			);
			productRefGroup = DF9B2F322BD26E22009B8C02 /* Products */;
			projectDirPath = "";
			projectRoot = "";
			targets = (
				DF9B2F302BD26E22009B8C02 /* Adminstrator_HMS */,
				DF9B2F412BD26E25009B8C02 /* Adminstrator_HMSTests */,
				DF9B2F4B2BD26E25009B8C02 /* Adminstrator_HMSUITests */,
			);
		};
/* End PBXProject section */

/* Begin PBXResourcesBuildPhase section */
		DF9B2F2F2BD26E22009B8C02 /* Resources */ = {
			isa = PBXResourcesBuildPhase;
			buildActionMask = 2147483647;
			files = (
				DF9B2F3D2BD26E24009B8C02 /* Preview Assets.xcassets in Resources */,
				DF9B2F392BD26E24009B8C02 /* Assets.xcassets in Resources */,
				DF9B2F602BD26E58009B8C02 /* GoogleService-Info.plist in Resources */,
			);
			runOnlyForDeploymentPostprocessing = 0;
		};
		DF9B2F402BD26E25009B8C02 /* Resources */ = {
			isa = PBXResourcesBuildPhase;
			buildActionMask = 2147483647;
			files = (
			);
			runOnlyForDeploymentPostprocessing = 0;
		};
		DF9B2F4A2BD26E25009B8C02 /* Resources */ = {
			isa = PBXResourcesBuildPhase;
			buildActionMask = 2147483647;
			files = (
			);
			runOnlyForDeploymentPostprocessing = 0;
		};
/* End PBXResourcesBuildPhase section */

/* Begin PBXSourcesBuildPhase section */
		DF9B2F2D2BD26E22009B8C02 /* Sources */ = {
			isa = PBXSourcesBuildPhase;
			buildActionMask = 2147483647;
			files = (
				4762BFB72BE88DD200845B96 /* BillModel.swift in Sources */,
				4762BFBB2BE88E0D00845B96 /* Bill_Entry.swift in Sources */,
				4890D41C2BDF5A6F00EF8750 /* homepageComplete.swift in Sources */,
				4762BFEC2BEB687A00845B96 /* Analytics_View.swift in Sources */,
				DF6B2ED92BD59CA100FAD930 /* ProfileInputView.swift in Sources */,
				DF9B2F372BD26E22009B8C02 /* ContentView.swift in Sources */,
				DF6B2EDB2BD59D4600FAD930 /* Homepage.swift in Sources */,
				DF6B2EBB2BD58E1D00FAD930 /* appFonts.swift in Sources */,
				47B685B92BDA34280008DAE9 /* FirebaseManager.swift in Sources */,
				DF6B2ED32BD59C1700FAD930 /* AuthViewModel.swift in Sources */,
				482821962BECBC5E00A88D20 /* MAIL.swift in Sources */,
				4762BFBD2BE8991900845B96 /* BillListView.swift in Sources */,
				4721C9642BE3449400310CED /* Inventory_Model.swift in Sources */,
				4721C96D2BE34ED200310CED /* InventoryHome.swift in Sources */,
				4762BFE72BEA33EA00845B96 /* Ann_Input.swift in Sources */,
				47B685B72BDA33DD0008DAE9 /* RoomAlloocationView.swift in Sources */,
				DF6B2EB42BD58D2500FAD930 /* UserDetails.swift in Sources */,
				4721C96B2BE3469D00310CED /* InventoryManagementView.swift in Sources */,
				DF9B2F352BD26E22009B8C02 /* Adminstrator_HMSApp.swift in Sources */,
				4721C9672BE3464D00310CED /* InventoryViewModel.swift in Sources */,
				4721C9692BE3468800310CED /* InventoryView.swift in Sources */,
				4762BFB92BE88DF500845B96 /* BillViewmodel.swift in Sources */,
				4762BFE52BEA33C300845B96 /* Ann_ViewModel.swift in Sources */,
				DF6B2ED72BD59C4600FAD930 /* loginView.swift in Sources */,
				DF6B2EB02BD58CF900FAD930 /* User.swift in Sources */,
				4762BFE32BEA32A500845B96 /* Ann_Model.swift in Sources */,
			);
			runOnlyForDeploymentPostprocessing = 0;
		};
		DF9B2F3E2BD26E25009B8C02 /* Sources */ = {
			isa = PBXSourcesBuildPhase;
			buildActionMask = 2147483647;
			files = (
				DF9B2F472BD26E25009B8C02 /* Adminstrator_HMSTests.swift in Sources */,
			);
			runOnlyForDeploymentPostprocessing = 0;
		};
		DF9B2F482BD26E25009B8C02 /* Sources */ = {
			isa = PBXSourcesBuildPhase;
			buildActionMask = 2147483647;
			files = (
				DF9B2F512BD26E25009B8C02 /* Adminstrator_HMSUITests.swift in Sources */,
				DF9B2F532BD26E25009B8C02 /* Adminstrator_HMSUITestsLaunchTests.swift in Sources */,
			);
			runOnlyForDeploymentPostprocessing = 0;
		};
/* End PBXSourcesBuildPhase section */

/* Begin PBXTargetDependency section */
		DF9B2F442BD26E25009B8C02 /* PBXTargetDependency */ = {
			isa = PBXTargetDependency;
			target = DF9B2F302BD26E22009B8C02 /* Adminstrator_HMS */;
			targetProxy = DF9B2F432BD26E25009B8C02 /* PBXContainerItemProxy */;
		};
		DF9B2F4E2BD26E25009B8C02 /* PBXTargetDependency */ = {
			isa = PBXTargetDependency;
			target = DF9B2F302BD26E22009B8C02 /* Adminstrator_HMS */;
			targetProxy = DF9B2F4D2BD26E25009B8C02 /* PBXContainerItemProxy */;
		};
/* End PBXTargetDependency section */

/* Begin XCBuildConfiguration section */
		DF9B2F542BD26E25009B8C02 /* Debug */ = {
			isa = XCBuildConfiguration;
			buildSettings = {
				ALWAYS_SEARCH_USER_PATHS = NO;
				ASSETCATALOG_COMPILER_GENERATE_SWIFT_ASSET_SYMBOL_EXTENSIONS = YES;
				CLANG_ANALYZER_NONNULL = YES;
				CLANG_ANALYZER_NUMBER_OBJECT_CONVERSION = YES_AGGRESSIVE;
				CLANG_CXX_LANGUAGE_STANDARD = "gnu++20";
				CLANG_ENABLE_MODULES = YES;
				CLANG_ENABLE_OBJC_ARC = YES;
				CLANG_ENABLE_OBJC_WEAK = YES;
				CLANG_WARN_BLOCK_CAPTURE_AUTORELEASING = YES;
				CLANG_WARN_BOOL_CONVERSION = YES;
				CLANG_WARN_COMMA = YES;
				CLANG_WARN_CONSTANT_CONVERSION = YES;
				CLANG_WARN_DEPRECATED_OBJC_IMPLEMENTATIONS = YES;
				CLANG_WARN_DIRECT_OBJC_ISA_USAGE = YES_ERROR;
				CLANG_WARN_DOCUMENTATION_COMMENTS = YES;
				CLANG_WARN_EMPTY_BODY = YES;
				CLANG_WARN_ENUM_CONVERSION = YES;
				CLANG_WARN_INFINITE_RECURSION = YES;
				CLANG_WARN_INT_CONVERSION = YES;
				CLANG_WARN_NON_LITERAL_NULL_CONVERSION = YES;
				CLANG_WARN_OBJC_IMPLICIT_RETAIN_SELF = YES;
				CLANG_WARN_OBJC_LITERAL_CONVERSION = YES;
				CLANG_WARN_OBJC_ROOT_CLASS = YES_ERROR;
				CLANG_WARN_QUOTED_INCLUDE_IN_FRAMEWORK_HEADER = YES;
				CLANG_WARN_RANGE_LOOP_ANALYSIS = YES;
				CLANG_WARN_STRICT_PROTOTYPES = YES;
				CLANG_WARN_SUSPICIOUS_MOVE = YES;
				CLANG_WARN_UNGUARDED_AVAILABILITY = YES_AGGRESSIVE;
				CLANG_WARN_UNREACHABLE_CODE = YES;
				CLANG_WARN__DUPLICATE_METHOD_MATCH = YES;
				COPY_PHASE_STRIP = NO;
				DEBUG_INFORMATION_FORMAT = dwarf;
				ENABLE_STRICT_OBJC_MSGSEND = YES;
				ENABLE_TESTABILITY = YES;
				ENABLE_USER_SCRIPT_SANDBOXING = YES;
				GCC_C_LANGUAGE_STANDARD = gnu17;
				GCC_DYNAMIC_NO_PIC = NO;
				GCC_NO_COMMON_BLOCKS = YES;
				GCC_OPTIMIZATION_LEVEL = 0;
				GCC_PREPROCESSOR_DEFINITIONS = (
					"DEBUG=1",
					"$(inherited)",
				);
				GCC_WARN_64_TO_32_BIT_CONVERSION = YES;
				GCC_WARN_ABOUT_RETURN_TYPE = YES_ERROR;
				GCC_WARN_UNDECLARED_SELECTOR = YES;
				GCC_WARN_UNINITIALIZED_AUTOS = YES_AGGRESSIVE;
				GCC_WARN_UNUSED_FUNCTION = YES;
				GCC_WARN_UNUSED_VARIABLE = YES;
				LOCALIZATION_PREFERS_STRING_CATALOGS = YES;
				MTL_ENABLE_DEBUG_INFO = INCLUDE_SOURCE;
				MTL_FAST_MATH = YES;
				ONLY_ACTIVE_ARCH = YES;
				SWIFT_ACTIVE_COMPILATION_CONDITIONS = "DEBUG $(inherited)";
				SWIFT_OPTIMIZATION_LEVEL = "-Onone";
			};
			name = Debug;
		};
		DF9B2F552BD26E25009B8C02 /* Release */ = {
			isa = XCBuildConfiguration;
			buildSettings = {
				ALWAYS_SEARCH_USER_PATHS = NO;
				ASSETCATALOG_COMPILER_GENERATE_SWIFT_ASSET_SYMBOL_EXTENSIONS = YES;
				CLANG_ANALYZER_NONNULL = YES;
				CLANG_ANALYZER_NUMBER_OBJECT_CONVERSION = YES_AGGRESSIVE;
				CLANG_CXX_LANGUAGE_STANDARD = "gnu++20";
				CLANG_ENABLE_MODULES = YES;
				CLANG_ENABLE_OBJC_ARC = YES;
				CLANG_ENABLE_OBJC_WEAK = YES;
				CLANG_WARN_BLOCK_CAPTURE_AUTORELEASING = YES;
				CLANG_WARN_BOOL_CONVERSION = YES;
				CLANG_WARN_COMMA = YES;
				CLANG_WARN_CONSTANT_CONVERSION = YES;
				CLANG_WARN_DEPRECATED_OBJC_IMPLEMENTATIONS = YES;
				CLANG_WARN_DIRECT_OBJC_ISA_USAGE = YES_ERROR;
				CLANG_WARN_DOCUMENTATION_COMMENTS = YES;
				CLANG_WARN_EMPTY_BODY = YES;
				CLANG_WARN_ENUM_CONVERSION = YES;
				CLANG_WARN_INFINITE_RECURSION = YES;
				CLANG_WARN_INT_CONVERSION = YES;
				CLANG_WARN_NON_LITERAL_NULL_CONVERSION = YES;
				CLANG_WARN_OBJC_IMPLICIT_RETAIN_SELF = YES;
				CLANG_WARN_OBJC_LITERAL_CONVERSION = YES;
				CLANG_WARN_OBJC_ROOT_CLASS = YES_ERROR;
				CLANG_WARN_QUOTED_INCLUDE_IN_FRAMEWORK_HEADER = YES;
				CLANG_WARN_RANGE_LOOP_ANALYSIS = YES;
				CLANG_WARN_STRICT_PROTOTYPES = YES;
				CLANG_WARN_SUSPICIOUS_MOVE = YES;
				CLANG_WARN_UNGUARDED_AVAILABILITY = YES_AGGRESSIVE;
				CLANG_WARN_UNREACHABLE_CODE = YES;
				CLANG_WARN__DUPLICATE_METHOD_MATCH = YES;
				COPY_PHASE_STRIP = NO;
				DEBUG_INFORMATION_FORMAT = "dwarf-with-dsym";
				ENABLE_NS_ASSERTIONS = NO;
				ENABLE_STRICT_OBJC_MSGSEND = YES;
				ENABLE_USER_SCRIPT_SANDBOXING = YES;
				GCC_C_LANGUAGE_STANDARD = gnu17;
				GCC_NO_COMMON_BLOCKS = YES;
				GCC_WARN_64_TO_32_BIT_CONVERSION = YES;
				GCC_WARN_ABOUT_RETURN_TYPE = YES_ERROR;
				GCC_WARN_UNDECLARED_SELECTOR = YES;
				GCC_WARN_UNINITIALIZED_AUTOS = YES_AGGRESSIVE;
				GCC_WARN_UNUSED_FUNCTION = YES;
				GCC_WARN_UNUSED_VARIABLE = YES;
				LOCALIZATION_PREFERS_STRING_CATALOGS = YES;
				MTL_ENABLE_DEBUG_INFO = NO;
				MTL_FAST_MATH = YES;
				SWIFT_COMPILATION_MODE = wholemodule;
			};
			name = Release;
		};
		DF9B2F572BD26E25009B8C02 /* Debug */ = {
			isa = XCBuildConfiguration;
			buildSettings = {
				ASSETCATALOG_COMPILER_APPICON_NAME = AppIcon;
				ASSETCATALOG_COMPILER_GLOBAL_ACCENT_COLOR_NAME = AccentColor;
				CODE_SIGN_ENTITLEMENTS = Adminstrator_HMS/Adminstrator_HMS.entitlements;
				CODE_SIGN_STYLE = Automatic;
				CURRENT_PROJECT_VERSION = 1;
				DEVELOPMENT_ASSET_PATHS = "\"Adminstrator_HMS/Preview Content\"";
				DEVELOPMENT_TEAM = AGW9UHX7VV;
				ENABLE_PREVIEWS = YES;
				GENERATE_INFOPLIST_FILE = YES;
				"INFOPLIST_KEY_UIApplicationSceneManifest_Generation[sdk=iphoneos*]" = YES;
				"INFOPLIST_KEY_UIApplicationSceneManifest_Generation[sdk=iphonesimulator*]" = YES;
				"INFOPLIST_KEY_UIApplicationSupportsIndirectInputEvents[sdk=iphoneos*]" = YES;
				"INFOPLIST_KEY_UIApplicationSupportsIndirectInputEvents[sdk=iphonesimulator*]" = YES;
				"INFOPLIST_KEY_UILaunchScreen_Generation[sdk=iphoneos*]" = YES;
				"INFOPLIST_KEY_UILaunchScreen_Generation[sdk=iphonesimulator*]" = YES;
				"INFOPLIST_KEY_UIStatusBarStyle[sdk=iphoneos*]" = UIStatusBarStyleDefault;
				"INFOPLIST_KEY_UIStatusBarStyle[sdk=iphonesimulator*]" = UIStatusBarStyleDefault;
				INFOPLIST_KEY_UISupportedInterfaceOrientations_iPad = "UIInterfaceOrientationPortrait UIInterfaceOrientationPortraitUpsideDown UIInterfaceOrientationLandscapeLeft UIInterfaceOrientationLandscapeRight";
				INFOPLIST_KEY_UISupportedInterfaceOrientations_iPhone = "UIInterfaceOrientationPortrait UIInterfaceOrientationLandscapeLeft UIInterfaceOrientationLandscapeRight";
				IPHONEOS_DEPLOYMENT_TARGET = 17.4;
				LD_RUNPATH_SEARCH_PATHS = "@executable_path/Frameworks";
				"LD_RUNPATH_SEARCH_PATHS[sdk=macosx*]" = "@executable_path/../Frameworks";
				MACOSX_DEPLOYMENT_TARGET = 14.4;
				MARKETING_VERSION = 1.0;
				PRODUCT_BUNDLE_IDENTIFIER = "an6189-srmist.edu.in.Adminstrator-HMS";
				PRODUCT_NAME = "$(TARGET_NAME)";
				SDKROOT = auto;
				SUPPORTED_PLATFORMS = "iphoneos iphonesimulator macosx";
				SWIFT_EMIT_LOC_STRINGS = YES;
				SWIFT_VERSION = 5.0;
				TARGETED_DEVICE_FAMILY = "1,2";
			};
			name = Debug;
		};
		DF9B2F582BD26E25009B8C02 /* Release */ = {
			isa = XCBuildConfiguration;
			buildSettings = {
				ASSETCATALOG_COMPILER_APPICON_NAME = AppIcon;
				ASSETCATALOG_COMPILER_GLOBAL_ACCENT_COLOR_NAME = AccentColor;
				CODE_SIGN_ENTITLEMENTS = Adminstrator_HMS/Adminstrator_HMS.entitlements;
				CODE_SIGN_STYLE = Automatic;
				CURRENT_PROJECT_VERSION = 1;
				DEVELOPMENT_ASSET_PATHS = "\"Adminstrator_HMS/Preview Content\"";
				DEVELOPMENT_TEAM = AGW9UHX7VV;
				ENABLE_PREVIEWS = YES;
				GENERATE_INFOPLIST_FILE = YES;
				"INFOPLIST_KEY_UIApplicationSceneManifest_Generation[sdk=iphoneos*]" = YES;
				"INFOPLIST_KEY_UIApplicationSceneManifest_Generation[sdk=iphonesimulator*]" = YES;
				"INFOPLIST_KEY_UIApplicationSupportsIndirectInputEvents[sdk=iphoneos*]" = YES;
				"INFOPLIST_KEY_UIApplicationSupportsIndirectInputEvents[sdk=iphonesimulator*]" = YES;
				"INFOPLIST_KEY_UILaunchScreen_Generation[sdk=iphoneos*]" = YES;
				"INFOPLIST_KEY_UILaunchScreen_Generation[sdk=iphonesimulator*]" = YES;
				"INFOPLIST_KEY_UIStatusBarStyle[sdk=iphoneos*]" = UIStatusBarStyleDefault;
				"INFOPLIST_KEY_UIStatusBarStyle[sdk=iphonesimulator*]" = UIStatusBarStyleDefault;
				INFOPLIST_KEY_UISupportedInterfaceOrientations_iPad = "UIInterfaceOrientationPortrait UIInterfaceOrientationPortraitUpsideDown UIInterfaceOrientationLandscapeLeft UIInterfaceOrientationLandscapeRight";
				INFOPLIST_KEY_UISupportedInterfaceOrientations_iPhone = "UIInterfaceOrientationPortrait UIInterfaceOrientationLandscapeLeft UIInterfaceOrientationLandscapeRight";
				IPHONEOS_DEPLOYMENT_TARGET = 17.4;
				LD_RUNPATH_SEARCH_PATHS = "@executable_path/Frameworks";
				"LD_RUNPATH_SEARCH_PATHS[sdk=macosx*]" = "@executable_path/../Frameworks";
				MACOSX_DEPLOYMENT_TARGET = 14.4;
				MARKETING_VERSION = 1.0;
				PRODUCT_BUNDLE_IDENTIFIER = "an6189-srmist.edu.in.Adminstrator-HMS";
				PRODUCT_NAME = "$(TARGET_NAME)";
				SDKROOT = auto;
				SUPPORTED_PLATFORMS = "iphoneos iphonesimulator macosx";
				SWIFT_EMIT_LOC_STRINGS = YES;
				SWIFT_VERSION = 5.0;
				TARGETED_DEVICE_FAMILY = "1,2";
			};
			name = Release;
		};
		DF9B2F5A2BD26E25009B8C02 /* Debug */ = {
			isa = XCBuildConfiguration;
			buildSettings = {
				ALWAYS_EMBED_SWIFT_STANDARD_LIBRARIES = YES;
				BUNDLE_LOADER = "$(TEST_HOST)";
				CODE_SIGN_STYLE = Automatic;
				CURRENT_PROJECT_VERSION = 1;
				GENERATE_INFOPLIST_FILE = YES;
				IPHONEOS_DEPLOYMENT_TARGET = 17.4;
				MACOSX_DEPLOYMENT_TARGET = 14.4;
				MARKETING_VERSION = 1.0;
				PRODUCT_BUNDLE_IDENTIFIER = "an6189-srmist.edu.in.Adminstrator-HMSTests";
				PRODUCT_NAME = "$(TARGET_NAME)";
				SDKROOT = auto;
				SUPPORTED_PLATFORMS = "iphoneos iphonesimulator macosx";
				SWIFT_EMIT_LOC_STRINGS = NO;
				SWIFT_VERSION = 5.0;
				TARGETED_DEVICE_FAMILY = "1,2";
				TEST_HOST = "$(BUILT_PRODUCTS_DIR)/Adminstrator_HMS.app/$(BUNDLE_EXECUTABLE_FOLDER_PATH)/Adminstrator_HMS";
			};
			name = Debug;
		};
		DF9B2F5B2BD26E25009B8C02 /* Release */ = {
			isa = XCBuildConfiguration;
			buildSettings = {
				ALWAYS_EMBED_SWIFT_STANDARD_LIBRARIES = YES;
				BUNDLE_LOADER = "$(TEST_HOST)";
				CODE_SIGN_STYLE = Automatic;
				CURRENT_PROJECT_VERSION = 1;
				GENERATE_INFOPLIST_FILE = YES;
				IPHONEOS_DEPLOYMENT_TARGET = 17.4;
				MACOSX_DEPLOYMENT_TARGET = 14.4;
				MARKETING_VERSION = 1.0;
				PRODUCT_BUNDLE_IDENTIFIER = "an6189-srmist.edu.in.Adminstrator-HMSTests";
				PRODUCT_NAME = "$(TARGET_NAME)";
				SDKROOT = auto;
				SUPPORTED_PLATFORMS = "iphoneos iphonesimulator macosx";
				SWIFT_EMIT_LOC_STRINGS = NO;
				SWIFT_VERSION = 5.0;
				TARGETED_DEVICE_FAMILY = "1,2";
				TEST_HOST = "$(BUILT_PRODUCTS_DIR)/Adminstrator_HMS.app/$(BUNDLE_EXECUTABLE_FOLDER_PATH)/Adminstrator_HMS";
			};
			name = Release;
		};
		DF9B2F5D2BD26E25009B8C02 /* Debug */ = {
			isa = XCBuildConfiguration;
			buildSettings = {
				ALWAYS_EMBED_SWIFT_STANDARD_LIBRARIES = YES;
				CODE_SIGN_STYLE = Automatic;
				CURRENT_PROJECT_VERSION = 1;
				GENERATE_INFOPLIST_FILE = YES;
				IPHONEOS_DEPLOYMENT_TARGET = 17.4;
				MACOSX_DEPLOYMENT_TARGET = 14.4;
				MARKETING_VERSION = 1.0;
				PRODUCT_BUNDLE_IDENTIFIER = "an6189-srmist.edu.in.Adminstrator-HMSUITests";
				PRODUCT_NAME = "$(TARGET_NAME)";
				SDKROOT = auto;
				SUPPORTED_PLATFORMS = "iphoneos iphonesimulator macosx";
				SWIFT_EMIT_LOC_STRINGS = NO;
				SWIFT_VERSION = 5.0;
				TARGETED_DEVICE_FAMILY = "1,2";
				TEST_TARGET_NAME = Adminstrator_HMS;
			};
			name = Debug;
		};
		DF9B2F5E2BD26E25009B8C02 /* Release */ = {
			isa = XCBuildConfiguration;
			buildSettings = {
				ALWAYS_EMBED_SWIFT_STANDARD_LIBRARIES = YES;
				CODE_SIGN_STYLE = Automatic;
				CURRENT_PROJECT_VERSION = 1;
				GENERATE_INFOPLIST_FILE = YES;
				IPHONEOS_DEPLOYMENT_TARGET = 17.4;
				MACOSX_DEPLOYMENT_TARGET = 14.4;
				MARKETING_VERSION = 1.0;
				PRODUCT_BUNDLE_IDENTIFIER = "an6189-srmist.edu.in.Adminstrator-HMSUITests";
				PRODUCT_NAME = "$(TARGET_NAME)";
				SDKROOT = auto;
				SUPPORTED_PLATFORMS = "iphoneos iphonesimulator macosx";
				SWIFT_EMIT_LOC_STRINGS = NO;
				SWIFT_VERSION = 5.0;
				TARGETED_DEVICE_FAMILY = "1,2";
				TEST_TARGET_NAME = Adminstrator_HMS;
			};
			name = Release;
		};
/* End XCBuildConfiguration section */

/* Begin XCConfigurationList section */
		DF9B2F2C2BD26E22009B8C02 /* Build configuration list for PBXProject "Adminstrator_HMS" */ = {
			isa = XCConfigurationList;
			buildConfigurations = (
				DF9B2F542BD26E25009B8C02 /* Debug */,
				DF9B2F552BD26E25009B8C02 /* Release */,
			);
			defaultConfigurationIsVisible = 0;
			defaultConfigurationName = Release;
		};
		DF9B2F562BD26E25009B8C02 /* Build configuration list for PBXNativeTarget "Adminstrator_HMS" */ = {
			isa = XCConfigurationList;
			buildConfigurations = (
				DF9B2F572BD26E25009B8C02 /* Debug */,
				DF9B2F582BD26E25009B8C02 /* Release */,
			);
			defaultConfigurationIsVisible = 0;
			defaultConfigurationName = Release;
		};
		DF9B2F592BD26E25009B8C02 /* Build configuration list for PBXNativeTarget "Adminstrator_HMSTests" */ = {
			isa = XCConfigurationList;
			buildConfigurations = (
				DF9B2F5A2BD26E25009B8C02 /* Debug */,
				DF9B2F5B2BD26E25009B8C02 /* Release */,
			);
			defaultConfigurationIsVisible = 0;
			defaultConfigurationName = Release;
		};
		DF9B2F5C2BD26E25009B8C02 /* Build configuration list for PBXNativeTarget "Adminstrator_HMSUITests" */ = {
			isa = XCConfigurationList;
			buildConfigurations = (
				DF9B2F5D2BD26E25009B8C02 /* Debug */,
				DF9B2F5E2BD26E25009B8C02 /* Release */,
			);
			defaultConfigurationIsVisible = 0;
			defaultConfigurationName = Release;
		};
/* End XCConfigurationList section */

/* Begin XCRemoteSwiftPackageReference section */
		DF9B2F612BD26E63009B8C02 /* XCRemoteSwiftPackageReference "firebase-ios-sdk" */ = {
			isa = XCRemoteSwiftPackageReference;
			repositoryURL = "https://github.com/firebase/firebase-ios-sdk";
			requirement = {
				kind = upToNextMajorVersion;
				minimumVersion = 10.24.0;
			};
		};
/* End XCRemoteSwiftPackageReference section */

/* Begin XCSwiftPackageProductDependency section */
		DF9B2F632BD26E92009B8C02 /* FirebaseAuth */ = {
			isa = XCSwiftPackageProductDependency;
			package = DF9B2F612BD26E63009B8C02 /* XCRemoteSwiftPackageReference "firebase-ios-sdk" */;
			productName = FirebaseAuth;
		};
		DF9B2F652BD26E92009B8C02 /* FirebaseDatabase */ = {
			isa = XCSwiftPackageProductDependency;
			package = DF9B2F612BD26E63009B8C02 /* XCRemoteSwiftPackageReference "firebase-ios-sdk" */;
			productName = FirebaseDatabase;
		};
		DF9B2F672BD26E92009B8C02 /* FirebaseDatabaseSwift */ = {
			isa = XCSwiftPackageProductDependency;
			package = DF9B2F612BD26E63009B8C02 /* XCRemoteSwiftPackageReference "firebase-ios-sdk" */;
			productName = FirebaseDatabaseSwift;
		};
		DF9B2F692BD26E92009B8C02 /* FirebaseFirestore */ = {
			isa = XCSwiftPackageProductDependency;
			package = DF9B2F612BD26E63009B8C02 /* XCRemoteSwiftPackageReference "firebase-ios-sdk" */;
			productName = FirebaseFirestore;
		};
		DF9B2F6B2BD26E92009B8C02 /* FirebaseFirestoreSwift */ = {
			isa = XCSwiftPackageProductDependency;
			package = DF9B2F612BD26E63009B8C02 /* XCRemoteSwiftPackageReference "firebase-ios-sdk" */;
			productName = FirebaseFirestoreSwift;
		};
		DF9B2F6D2BD26E92009B8C02 /* FirebaseStorage */ = {
			isa = XCSwiftPackageProductDependency;
			package = DF9B2F612BD26E63009B8C02 /* XCRemoteSwiftPackageReference "firebase-ios-sdk" */;
			productName = FirebaseStorage;
		};
/* End XCSwiftPackageProductDependency section */
	};
	rootObject = DF9B2F292BD26E22009B8C02 /* Project object */;
}
